
Microsoft Visual Studio Solution File, Format Version 12.00
# Visual Studio Version 16
VisualStudioVersion = 16.0.29324.140
MinimumVisualStudioVersion = 10.0.40219.1
Project("{FAE04EC0-301F-11D3-BF4B-00C04F79EFBC}") = "Console004_GetUserInputDoMath", "Console004_GetUserInputDoMath\Console004_GetUserInputDoMath.csproj", "{AFA30300-0118-40BD-A4AC-8D5FC14F8C16}"
EndProject
Global
	GlobalSection(SolutionConfigurationPlatforms) = preSolution
		Debug|Any CPU = Debug|Any CPU
		Release|Any CPU = Release|Any CPU
	EndGlobalSection
	GlobalSection(ProjectConfigurationPlatforms) = postSolution
		{AFA30300-0118-40BD-A4AC-8D5FC14F8C16}.Debug|Any CPU.ActiveCfg = Debug|Any CPU
		{AFA30300-0118-40BD-A4AC-8D5FC14F8C16}.Debug|Any CPU.Build.0 = Debug|Any CPU
		{AFA30300-0118-40BD-A4AC-8D5FC14F8C16}.Release|Any CPU.ActiveCfg = Release|Any CPU
		{AFA30300-0118-40BD-A4AC-8D5FC14F8C16}.Release|Any CPU.Build.0 = Release|Any CPU
	EndGlobalSection
	GlobalSection(SolutionProperties) = preSolution
		HideSolutionNode = FALSE
	EndGlobalSection
	GlobalSection(ExtensibilityGlobals) = postSolution
		SolutionGuid = {33543E74-D2EA-4070-A98C-A081527A06E8}
	EndGlobalSection
EndGlobal
